
lockfileVersion: 5.4

specifiers:
  '@microsoft/fetch-event-source': ^2.0.1
  '@pinecone-database/pinecone': ^0.0.10
  '@radix-ui/react-accordion': ^1.1.1
  '@types/node': ^18.14.6
  '@types/react': ^18.0.28
  '@types/react-dom': ^18.0.11
  '@typescript-eslint/parser': ^5.54.0
  autoprefixer: ^10.4.13
  clsx: ^1.2.1
  dotenv: ^16.0.3
  eslint: 8.35.0
  eslint-config-next: 13.2.3
  langchain: 0.0.33
  lucide-react: ^0.125.0
  next: 13.2.3
  pdf-parse: 1.1.1
  postcss: ^8.4.21
  prettier: ^2.8.4
  react: 18.2.0
  react-dom: 18.2.0
  react-markdown: ^8.0.5
  tailwind-merge: ^1.10.0
  tailwindcss: ^3.2.7
  tsx: ^3.12.3
  typescript: ^4.9.5

dependencies:
  '@microsoft/fetch-event-source': 2.0.1
  '@pinecone-database/pinecone': 0.0.10
  '@radix-ui/react-accordion': 1.1.1_biqbaboplfbrettd7655fr4n2y
  clsx: 1.2.1
  dotenv: 16.0.3
  langchain: 0.0.33_ppsbqni3ixqkis2lkrnfyb5ism
  lucide-react: 0.125.0_react@18.2.0
  next: 13.2.3_biqbaboplfbrettd7655fr4n2y
  pdf-parse: 1.1.1
  react: 18.2.0
  react-dom: 18.2.0_react@18.2.0
  react-markdown: 8.0.5_pmekkgnqduwlme35zpnqhenc34
  tailwind-merge: 1.10.0

devDependencies:
  '@types/node': 18.14.6
  '@types/react': 18.0.28
  '@types/react-dom': 18.0.11
  '@typescript-eslint/parser': 5.54.0_ycpbpc6yetojsgtrx3mwntkhsu
  autoprefixer: 10.4.13_postcss@8.4.21
  eslint: 8.35.0
  eslint-config-next: 13.2.3_ycpbpc6yetojsgtrx3mwntkhsu
  postcss: 8.4.21
  prettier: 2.8.4
  tailwindcss: 3.2.7_postcss@8.4.21
  tsx: 3.12.3
  typescript: 4.9.5

packages:

  /@babel/runtime/7.21.0:
    resolution: {integrity: sha512-xwII0//EObnq89Ji5AKYQaRYiW/nZ3llSv29d49IuxPhKbtJoLP+9QUUZ4nVragQVtaVGeZrpB+ZtG/Pdy/POw==}
    engines: {node: '>=6.9.0'}
    dependencies:
      regenerator-runtime: 0.13.11

  /@esbuild-kit/cjs-loader/2.4.2:
    resolution: {integrity: sha512-BDXFbYOJzT/NBEtp71cvsrGPwGAMGRB/349rwKuoxNSiKjPraNNnlK6MIIabViCjqZugu6j+xeMDlEkWdHHJSg==}
    dependencies:
      '@esbuild-kit/core-utils': 3.1.0
      get-tsconfig: 4.4.0
    dev: true

  /@esbuild-kit/core-utils/3.1.0:
    resolution: {integrity: sha512-Uuk8RpCg/7fdHSceR1M6XbSZFSuMrxcePFuGgyvsBn+u339dk5OeL4jv2EojwTN2st/unJGsVm4qHWjWNmJ/tw==}
    dependencies: